
Microsoft Visual Studio Solution File, Format Version 12.00
# Visual Studio Version 17
VisualStudioVersion = 17.14.37301.10 d17.14
MinimumVisualStudioVersion = 10.0.40219.1
Project("{FAE04EC0-301F-11D3-BF4B-00C04F79EFBC}") = "GenAIApp.Api", "GenAIApp.Api\GenAIApp.Api.csproj", "{80712117-FB9B-4B7D-B073-4902318EABDE}"
EndProject
Global
	GlobalSection(SolutionConfigurationPlatforms) = preSolution
		Debug|Any CPU = Debug|Any CPU
		Release|Any CPU = Release|Any CPU
	EndGlobalSection
	GlobalSection(ProjectConfigurationPlatforms) = postSolution
		{80712117-FB9B-4B7D-B073-4902318EABDE}.Debug|Any CPU.ActiveCfg = Debug|Any CPU
		{80712117-FB9B-4B7D-B073-4902318EABDE}.Debug|Any CPU.Build.0 = Debug|Any CPU
		{80712117-FB9B-4B7D-B073-4902318EABDE}.Release|Any CPU.ActiveCfg = Release|Any CPU
		{80712117-FB9B-4B7D-B073-4902318EABDE}.Release|Any CPU.Build.0 = Release|Any CPU
	EndGlobalSection
	GlobalSection(SolutionProperties) = preSolution
		HideSolutionNode = FALSE
	EndGlobalSection
	GlobalSection(ExtensibilityGlobals) = postSolution
		SolutionGuid = {2663EE91-020E-4BF6-8276-2E8DB5EEF550}
	EndGlobalSection
EndGlobal
